
Microsoft Visual Studio Solution File, Format Version 12.00
# Visual Studio 2012
Project("{8BC9CEB8-8B4A-11D0-8D11-00A0C91BC942}") = "GraphicsFramework", "GraphicsFramework\GraphicsFramework.vcxproj", "{1654A1CC-FA42-415F-8E83-6905FA03B52A}"
EndProject
Project("{8BC9CEB8-8B4A-11D0-8D11-00A0C91BC942}") = "SSDO", "SSDO\SSDO.vcxproj", "{9EFC3910-4704-42D1-88BF-BCB34D6CE808}"
	ProjectSection(ProjectDependencies) = postProject
		{1654A1CC-FA42-415F-8E83-6905FA03B52A} = {1654A1CC-FA42-415F-8E83-6905FA03B52A}
	EndProjectSection
EndProject
Project("{8BC9CEB8-8B4A-11D0-8D11-00A0C91BC942}") = "RSM", "RSM\RSM.vcxproj", "{D4D02533-8331-482E-9178-8482C3C4288D}"
	ProjectSection(ProjectDependencies) = postProject
		{1654A1CC-FA42-415F-8E83-6905FA03B52A} = {1654A1CC-FA42-415F-8E83-6905FA03B52A}
	EndProjectSection
EndProject
Project("{8BC9CEB8-8B4A-11D0-8D11-00A0C91BC942}") = "GPGPUMatrixVectorMath", "GPGPUMatrixVectorMath\GPGPUMatrixVectorMath.vcxproj", "{2F06BF13-BB65-48F8-B53E-F72E08B516C5}"
	ProjectSection(ProjectDependencies) = postProject
		{9A24F398-4312-4677-9F31-95F502016FCA} = {9A24F398-4312-4677-9F31-95F502016FCA}
		{1654A1CC-FA42-415F-8E83-6905FA03B52A} = {1654A1CC-FA42-415F-8E83-6905FA03B52A}
	EndProjectSection
EndProject
Project("{8BC9CEB8-8B4A-11D0-8D11-00A0C91BC942}") = "GPGPUPostProcessing", "GPGPUPostProcessing\GPGPUPostProcessing.vcxproj", "{A966276F-992C-40C7-9154-6A9DEEAF570D}"
	ProjectSection(ProjectDependencies) = postProject
		{9A24F398-4312-4677-9F31-95F502016FCA} = {9A24F398-4312-4677-9F31-95F502016FCA}
		{1654A1CC-FA42-415F-8E83-6905FA03B52A} = {1654A1CC-FA42-415F-8E83-6905FA03B52A}
	EndProjectSection
EndProject
Project("{8BC9CEB8-8B4A-11D0-8D11-00A0C91BC942}") = "OIT", "OIT\OIT.vcxproj", "{4B8D985C-49FC-4FCC-A744-3BB6D4DB6574}"
	ProjectSection(ProjectDependencies) = postProject
		{1654A1CC-FA42-415F-8E83-6905FA03B52A} = {1654A1CC-FA42-415F-8E83-6905FA03B52A}
	EndProjectSection
EndProject
Project("{8BC9CEB8-8B4A-11D0-8D11-00A0C91BC942}") = "ComputingFramework", "ComputingFramework\ComputingFramework.vcxproj", "{9A24F398-4312-4677-9F31-95F502016FCA}"
	ProjectSection(ProjectDependencies) = postProject
		{1654A1CC-FA42-415F-8E83-6905FA03B52A} = {1654A1CC-FA42-415F-8E83-6905FA03B52A}
	EndProjectSection
EndProject
Project("{2150E333-8FDC-42A3-9474-1A3956D46DE8}") = "GPGPUSamples", "GPGPUSamples", "{1E4CD55A-2B6F-497C-91B5-82C01AED3804}"
EndProject
Project("{2150E333-8FDC-42A3-9474-1A3956D46DE8}") = "GraphicsSamples", "GraphicsSamples", "{AD9B67B7-E991-49AE-9904-E8BCD0FA2D64}"
EndProject
Global
	GlobalSection(SolutionConfigurationPlatforms) = preSolution
		Debug|Win32 = Debug|Win32
		Release|Win32 = Release|Win32
	EndGlobalSection
	GlobalSection(ProjectConfigurationPlatforms) = postSolution
		{1654A1CC-FA42-415F-8E83-6905FA03B52A}.Debug|Win32.ActiveCfg = Debug|Win32
		{1654A1CC-FA42-415F-8E83-6905FA03B52A}.Debug|Win32.Build.0 = Debug|Win32
		{1654A1CC-FA42-415F-8E83-6905FA03B52A}.Release|Win32.ActiveCfg = Release|Win32
		{1654A1CC-FA42-415F-8E83-6905FA03B52A}.Release|Win32.Build.0 = Release|Win32
		{9EFC3910-4704-42D1-88BF-BCB34D6CE808}.Debug|Win32.ActiveCfg = Debug|Win32
		{9EFC3910-4704-42D1-88BF-BCB34D6CE808}.Debug|Win32.Build.0 = Debug|Win32
		{9EFC3910-4704-42D1-88BF-BCB34D6CE808}.Release|Win32.ActiveCfg = Release|Win32
		{9EFC3910-4704-42D1-88BF-BCB34D6CE808}.Release|Win32.Build.0 = Release|Win32
		{D4D02533-8331-482E-9178-8482C3C4288D}.Debug|Win32.ActiveCfg = Debug|Win32
		{D4D02533-8331-482E-9178-8482C3C4288D}.Debug|Win32.Build.0 = Debug|Win32
		{D4D02533-8331-482E-9178-8482C3C4288D}.Release|Win32.ActiveCfg = Release|Win32
		{D4D02533-8331-482E-9178-8482C3C4288D}.Release|Win32.Build.0 = Release|Win32
		{2F06BF13-BB65-48F8-B53E-F72E08B516C5}.Debug|Win32.ActiveCfg = Debug|Win32
		{2F06BF13-BB65-48F8-B53E-F72E08B516C5}.Debug|Win32.Build.0 = Debug|Win32
		{2F06BF13-BB65-48F8-B53E-F72E08B516C5}.Release|Win32.ActiveCfg = Release|Win32
		{2F06BF13-BB65-48F8-B53E-F72E08B516C5}.Release|Win32.Build.0 = Release|Win32
		{A966276F-992C-40C7-9154-6A9DEEAF570D}.Debug|Win32.ActiveCfg = Debug|Win32
		{A966276F-992C-40C7-9154-6A9DEEAF570D}.Debug|Win32.Build.0 = Debug|Win32
		{A966276F-992C-40C7-9154-6A9DEEAF570D}.Release|Win32.ActiveCfg = Release|Win32
		{A966276F-992C-40C7-9154-6A9DEEAF570D}.Release|Win32.Build.0 = Release|Win32
		{4B8D985C-49FC-4FCC-A744-3BB6D4DB6574}.Debug|Win32.ActiveCfg = Debug|Win32
		{4B8D985C-49FC-4FCC-A744-3BB6D4DB6574}.Debug|Win32.Build.0 = Debug|Win32
		{4B8D985C-49FC-4FCC-A744-3BB6D4DB6574}.Release|Win32.ActiveCfg = Release|Win32
		{4B8D985C-49FC-4FCC-A744-3BB6D4DB6574}.Release|Win32.Build.0 = Release|Win32
		{9A24F398-4312-4677-9F31-95F502016FCA}.Debug|Win32.ActiveCfg = Debug|Win32
		{9A24F398-4312-4677-9F31-95F502016FCA}.Debug|Win32.Build.0 = Debug|Win32
		{9A24F398-4312-4677-9F31-95F502016FCA}.Release|Win32.ActiveCfg = Release|Win32
		{9A24F398-4312-4677-9F31-95F502016FCA}.Release|Win32.Build.0 = Release|Win32
	EndGlobalSection
	GlobalSection(SolutionProperties) = preSolution
		HideSolutionNode = FALSE
	EndGlobalSection
	GlobalSection(NestedProjects) = preSolution
		{A966276F-992C-40C7-9154-6A9DEEAF570D} = {1E4CD55A-2B6F-497C-91B5-82C01AED3804}
		{2F06BF13-BB65-48F8-B53E-F72E08B516C5} = {1E4CD55A-2B6F-497C-91B5-82C01AED3804}
		{4B8D985C-49FC-4FCC-A744-3BB6D4DB6574} = {AD9B67B7-E991-49AE-9904-E8BCD0FA2D64}
		{D4D02533-8331-482E-9178-8482C3C4288D} = {AD9B67B7-E991-49AE-9904-E8BCD0FA2D64}
		{9EFC3910-4704-42D1-88BF-BCB34D6CE808} = {AD9B67B7-E991-49AE-9904-E8BCD0FA2D64}
	EndGlobalSection
EndGlobal
