<?xml version="1.0" encoding="utf-8"?>
<Project ToolsVersion="4.0" xmlns="http://schemas.microsoft.com/developer/msbuild/2003">
  <ItemGroup>
    <Filter Include="GLSL">
      <UniqueIdentifier>{63889338-57d3-44f0-a48e-e31c227a9979}</UniqueIdentifier>
    </Filter>
  </ItemGroup>
  <ItemGroup>
    <None Include="fRSMBuffer.glsl">
      <Filter>GLSL</Filter>
    </None>
    <None Include="fVPLviaRSMTemp.glsl">
      <Filter>GLSL</Filter>
    </None>
    <None Include="vRSMBuffer.glsl">
      <Filter>GLSL</Filter>
    </None>
    <None Include="vVPLviaRSMTemp.glsl">
      <Filter>GLSL</Filter>
    </None>
    <None Include="fShadow.glsl">
      <Filter>GLSL</Filter>
    </None>
    <None Include="tcShadow.glsl">
      <Filter>GLSL</Filter>
    </None>
    <None Include="teShadow.glsl">
      <Filter>GLSL</Filter>
    </None>
    <None Include="vShadow.glsl">
      <Filter>GLSL</Filter>
    </None>
    <None Include="vDirectLighting.glsl">
      <Filter>GLSL</Filter>
    </None>
    <None Include="fDirectLighting.glsl">
      <Filter>GLSL</Filter>
    </None>
    <None Include="fIndirectLighting.glsl">
      <Filter>GLSL</Filter>
    </None>
    <None Include="vIndirectLighting.glsl">
      <Filter>GLSL</Filter>
    </None>
    <None Include="fVPLviaRSMFinal.glsl">
      <Filter>GLSL</Filter>
    </None>
    <None Include="vVPLviaRSMFinal.glsl">
      <Filter>GLSL</Filter>
    </None>
    <None Include="fGBuffer.glsl">
      <Filter>GLSL</Filter>
    </None>
    <None Include="vGBuffer.glsl">
      <Filter>GLSL</Filter>
    </None>
  </ItemGroup>
  <ItemGroup>
    <ClInclude Include="VPLviaRSMApp.h" />
    <ClInclude Include="VPLviaRSMTempScreenQuad.h" />
    <ClInclude Include="VPLviaRSMTriMesh.h" />
    <ClInclude Include="VPLviaRSMFinalScreenQuad.h" />
    <ClInclude Include="VPLviaRSMDirectLightingQuad.h" />
    <ClInclude Include="VPLviaRSMIndirectLightingQuad.h" />
  </ItemGroup>
  <ItemGroup>
    <ClCompile Include="main.cpp" />
    <ClCompile Include="VPLviaRSMApp.cpp" />
    <ClCompile Include="VPLviaRSMTempScreenQuad.cpp" />
    <ClCompile Include="VPLviaRSMTriMesh.cpp" />
    <ClCompile Include="VPLviaRSMFinalScreenQuad.cpp" />
    <ClCompile Include="VPLviaRSMDirectLightingQuad.cpp" />
    <ClCompile Include="VPLviaRSMIndirectLightingQuad.cpp" />
  </ItemGroup>
</Project>