<?xml version="1.0" encoding="utf-8"?>
<Project ToolsVersion="4.0" xmlns="http://schemas.microsoft.com/developer/msbuild/2003">
  <ItemGroup>
    <ClCompile Include="main.cpp" />
    <ClCompile Include="GPGPUMatrixVectorMathApp.cpp" />
  </ItemGroup>
  <ItemGroup>
    <None Include="matvec.clsl">
      <Filter>CLSL</Filter>
    </None>
  </ItemGroup>
  <ItemGroup>
    <Filter Include="CLSL">
      <UniqueIdentifier>{af3658e2-659b-4b25-b969-4606dea7ab9e}</UniqueIdentifier>
    </Filter>
  </ItemGroup>
  <ItemGroup>
    <ClInclude Include="GPGPUMatrixVectorMathApp.h" />
  </ItemGroup>
</Project>