// !$*UTF8*$!
{
	archiveVersion = 1;
	classes = {
	};
	objectVersion = 46;
	objects = {

/* Begin PBXBuildFile section */
		3C6FBC6C083E6E1B0068AA05 /* OpenGL.framework in Frameworks */ = {isa = PBXBuildFile; fileRef = 3C6FBC6B083E6E1B0068AA05 /* OpenGL.framework */; };
		3C6FBC6D083E6E1B0068AA05 /* OpenGL.framework in Frameworks */ = {isa = PBXBuildFile; fileRef = 3C6FBC6B083E6E1B0068AA05 /* OpenGL.framework */; };
		3CB4F4A813DCF47000C74DF4 /* GLUT.framework in Frameworks */ = {isa = PBXBuildFile; fileRef = 3CB4F4A713DCF47000C74DF4 /* GLUT.framework */; };
		3CB4F4A913DCF47000C74DF4 /* GLUT.framework in Frameworks */ = {isa = PBXBuildFile; fileRef = 3CB4F4A713DCF47000C74DF4 /* GLUT.framework */; };
		FB0A81B8192EE04E0016C3F1 /* libGraphicsFrameworkd.a in Frameworks */ = {isa = PBXBuildFile; fileRef = FB0A81B7192EE04E0016C3F1 /* libGraphicsFrameworkd.a */; };
		FB0A81BA192EE0C00016C3F1 /* libGraphicsFramework.a in Frameworks */ = {isa = PBXBuildFile; fileRef = FB0A81B9192EE0C00016C3F1 /* libGraphicsFramework.a */; };
		FB18BA16192ECBBC00D5B13F /* DirectLightingQuad.cpp in Sources */ = {isa = PBXBuildFile; fileRef = FB18BA0A192ECBBC00D5B13F /* DirectLightingQuad.cpp */; };
		FB18BA17192ECBBC00D5B13F /* SSDOApp.cpp in Sources */ = {isa = PBXBuildFile; fileRef = FB18BA0C192ECBBC00D5B13F /* SSDOApp.cpp */; };
		FB18BA18192ECBBC00D5B13F /* SSDOFilterScreenQuad.cpp in Sources */ = {isa = PBXBuildFile; fileRef = FB18BA0E192ECBBC00D5B13F /* SSDOFilterScreenQuad.cpp */; };
		FB18BA19192ECBBC00D5B13F /* SSDOScreenQuad.cpp in Sources */ = {isa = PBXBuildFile; fileRef = FB18BA10192ECBBC00D5B13F /* SSDOScreenQuad.cpp */; };
		FB18BA1A192ECBBC00D5B13F /* SSDOTempScreenQuad.cpp in Sources */ = {isa = PBXBuildFile; fileRef = FB18BA12192ECBBC00D5B13F /* SSDOTempScreenQuad.cpp */; };
		FB18BA1B192ECBBC00D5B13F /* SSDOTriMesh.cpp in Sources */ = {isa = PBXBuildFile; fileRef = FB18BA14192ECBBC00D5B13F /* SSDOTriMesh.cpp */; };
		FB18BA5F192ECE6F00D5B13F /* main.cpp in Sources */ = {isa = PBXBuildFile; fileRef = FB18BA5E192ECE6F00D5B13F /* main.cpp */; };
		FB56CC95192FE8B800DF31A8 /* fDirectLighting.glsl in Resources */ = {isa = PBXBuildFile; fileRef = FB56CC3E192FC89600DF31A8 /* fDirectLighting.glsl */; };
		FB56CC96192FE8B800DF31A8 /* fGBuffer.glsl in Resources */ = {isa = PBXBuildFile; fileRef = FB56CC3F192FC89600DF31A8 /* fGBuffer.glsl */; };
		FB56CC97192FE8B800DF31A8 /* fSSDO.glsl in Resources */ = {isa = PBXBuildFile; fileRef = FB56CC40192FC89600DF31A8 /* fSSDO.glsl */; };
		FB56CC98192FE8B800DF31A8 /* fSSDOFilter.glsl in Resources */ = {isa = PBXBuildFile; fileRef = FB56CC41192FC89600DF31A8 /* fSSDOFilter.glsl */; };
		FB56CC99192FE8B800DF31A8 /* fSSDOTemp.glsl in Resources */ = {isa = PBXBuildFile; fileRef = FB56CC42192FC89600DF31A8 /* fSSDOTemp.glsl */; };
		FB56CC9A192FE8B800DF31A8 /* vDirectLighting.glsl in Resources */ = {isa = PBXBuildFile; fileRef = FB56CC43192FC89600DF31A8 /* vDirectLighting.glsl */; };
		FB56CC9B192FE8B800DF31A8 /* vGBuffer.glsl in Resources */ = {isa = PBXBuildFile; fileRef = FB56CC44192FC89600DF31A8 /* vGBuffer.glsl */; };
		FB56CC9C192FE8B800DF31A8 /* vSSDO.glsl in Resources */ = {isa = PBXBuildFile; fileRef = FB56CC45192FC89600DF31A8 /* vSSDO.glsl */; };
		FB56CC9D192FE8B800DF31A8 /* vSSDOFilter.glsl in Resources */ = {isa = PBXBuildFile; fileRef = FB56CC46192FC89600DF31A8 /* vSSDOFilter.glsl */; };
		FB56CC9E192FE8B800DF31A8 /* vSSDOTemp.glsl in Resources */ = {isa = PBXBuildFile; fileRef = FB56CC47192FC89600DF31A8 /* vSSDOTemp.glsl */; };
		FB56CCA6192FEB6A00DF31A8 /* cube.ply in Resources */ = {isa = PBXBuildFile; fileRef = FB56CCA5192FEB4D00DF31A8 /* cube.ply */; };
		FB56CCA7192FEB6A00DF31A8 /* beethoven.ply in Resources */ = {isa = PBXBuildFile; fileRef = FB56CCA0192FEB3500DF31A8 /* beethoven.ply */; };
		FB56CCA8192FEB6A00DF31A8 /* big_dodge.ply in Resources */ = {isa = PBXBuildFile; fileRef = FB56CCA1192FEB3500DF31A8 /* big_dodge.ply */; };
		FB56CCA9192FEB6A00DF31A8 /* ground.ply in Resources */ = {isa = PBXBuildFile; fileRef = FB56CCA2192FEB3500DF31A8 /* ground.ply */; };
		FB56CCAA192FEB6A00DF31A8 /* KitchenMediumBlurred.pfm in Resources */ = {isa = PBXBuildFile; fileRef = FB56CCA3192FEB3500DF31A8 /* KitchenMediumBlurred.pfm */; };
		FB56CCAB192FEB6A00DF31A8 /* screenquad.ply in Resources */ = {isa = PBXBuildFile; fileRef = FB56CCA4192FEB3500DF31A8 /* screenquad.ply */; };
		FB56CCAC192FFD2D00DF31A8 /* fDirectLighting.glsl in Resources */ = {isa = PBXBuildFile; fileRef = FB56CC3E192FC89600DF31A8 /* fDirectLighting.glsl */; };
		FB56CCAD192FFD2D00DF31A8 /* fGBuffer.glsl in Resources */ = {isa = PBXBuildFile; fileRef = FB56CC3F192FC89600DF31A8 /* fGBuffer.glsl */; };
		FB56CCAE192FFD2D00DF31A8 /* fSSDO.glsl in Resources */ = {isa = PBXBuildFile; fileRef = FB56CC40192FC89600DF31A8 /* fSSDO.glsl */; };
		FB56CCAF192FFD2D00DF31A8 /* fSSDOFilter.glsl in Resources */ = {isa = PBXBuildFile; fileRef = FB56CC41192FC89600DF31A8 /* fSSDOFilter.glsl */; };
		FB56CCB0192FFD2D00DF31A8 /* fSSDOTemp.glsl in Resources */ = {isa = PBXBuildFile; fileRef = FB56CC42192FC89600DF31A8 /* fSSDOTemp.glsl */; };
		FB56CCB1192FFD2D00DF31A8 /* vDirectLighting.glsl in Resources */ = {isa = PBXBuildFile; fileRef = FB56CC43192FC89600DF31A8 /* vDirectLighting.glsl */; };
		FB56CCB2192FFD2D00DF31A8 /* vGBuffer.glsl in Resources */ = {isa = PBXBuildFile; fileRef = FB56CC44192FC89600DF31A8 /* vGBuffer.glsl */; };
		FB56CCB3192FFD2D00DF31A8 /* vSSDO.glsl in Resources */ = {isa = PBXBuildFile; fileRef = FB56CC45192FC89600DF31A8 /* vSSDO.glsl */; };
		FB56CCB4192FFD2D00DF31A8 /* vSSDOFilter.glsl in Resources */ = {isa = PBXBuildFile; fileRef = FB56CC46192FC89600DF31A8 /* vSSDOFilter.glsl */; };
		FB56CCB5192FFD2D00DF31A8 /* vSSDOTemp.glsl in Resources */ = {isa = PBXBuildFile; fileRef = FB56CC47192FC89600DF31A8 /* vSSDOTemp.glsl */; };
		FB56CCB6192FFD3500DF31A8 /* cube.ply in Resources */ = {isa = PBXBuildFile; fileRef = FB56CCA5192FEB4D00DF31A8 /* cube.ply */; };
		FB56CCB7192FFD3500DF31A8 /* beethoven.ply in Resources */ = {isa = PBXBuildFile; fileRef = FB56CCA0192FEB3500DF31A8 /* beethoven.ply */; };
		FB56CCB8192FFD3500DF31A8 /* big_dodge.ply in Resources */ = {isa = PBXBuildFile; fileRef = FB56CCA1192FEB3500DF31A8 /* big_dodge.ply */; };
		FB56CCB9192FFD3500DF31A8 /* ground.ply in Resources */ = {isa = PBXBuildFile; fileRef = FB56CCA2192FEB3500DF31A8 /* ground.ply */; };
		FB56CCBA192FFD3500DF31A8 /* KitchenMediumBlurred.pfm in Resources */ = {isa = PBXBuildFile; fileRef = FB56CCA3192FEB3500DF31A8 /* KitchenMediumBlurred.pfm */; };
		FB56CCBB192FFD3500DF31A8 /* screenquad.ply in Resources */ = {isa = PBXBuildFile; fileRef = FB56CCA4192FEB3500DF31A8 /* screenquad.ply */; };
		FB6994A6192FC2A100B20DEB /* main.cpp in Sources */ = {isa = PBXBuildFile; fileRef = FB18BA5E192ECE6F00D5B13F /* main.cpp */; };
		FB6994A7192FC2A100B20DEB /* DirectLightingQuad.cpp in Sources */ = {isa = PBXBuildFile; fileRef = FB18BA0A192ECBBC00D5B13F /* DirectLightingQuad.cpp */; };
		FB6994A8192FC2A100B20DEB /* SSDOApp.cpp in Sources */ = {isa = PBXBuildFile; fileRef = FB18BA0C192ECBBC00D5B13F /* SSDOApp.cpp */; };
		FB6994A9192FC2A100B20DEB /* SSDOFilterScreenQuad.cpp in Sources */ = {isa = PBXBuildFile; fileRef = FB18BA0E192ECBBC00D5B13F /* SSDOFilterScreenQuad.cpp */; };
		FB6994AA192FC2A200B20DEB /* SSDOScreenQuad.cpp in Sources */ = {isa = PBXBuildFile; fileRef = FB18BA10192ECBBC00D5B13F /* SSDOScreenQuad.cpp */; };
		FB6994AB192FC2A200B20DEB /* SSDOTempScreenQuad.cpp in Sources */ = {isa = PBXBuildFile; fileRef = FB18BA12192ECBBC00D5B13F /* SSDOTempScreenQuad.cpp */; };
		FB6994AC192FC2A200B20DEB /* SSDOTriMesh.cpp in Sources */ = {isa = PBXBuildFile; fileRef = FB18BA14192ECBBC00D5B13F /* SSDOTriMesh.cpp */; };
/* End PBXBuildFile section */

/* Begin PBXContainerItemProxy section */
		FB69949E192FC13100B20DEB /* PBXContainerItemProxy */ = {
			isa = PBXContainerItemProxy;
			containerPortal = FB699499192FC13100B20DEB /* GraphicsFramework.xcodeproj */;
			proxyType = 2;
			remoteGlobalIDString = 74B57E8D07F3427D00913EC4;
			remoteInfo = "Debug Static";
		};
		FB6994A0192FC13100B20DEB /* PBXContainerItemProxy */ = {
			isa = PBXContainerItemProxy;
			containerPortal = FB699499192FC13100B20DEB /* GraphicsFramework.xcodeproj */;
			proxyType = 2;
			remoteGlobalIDString = 74D6DDFE07F342E200267169;
			remoteInfo = "Release Static";
		};
		FB6994A2192FC15300B20DEB /* PBXContainerItemProxy */ = {
			isa = PBXContainerItemProxy;
			containerPortal = FB699499192FC13100B20DEB /* GraphicsFramework.xcodeproj */;
			proxyType = 1;
			remoteGlobalIDString = 74B57E8C07F3427D00913EC4;
			remoteInfo = "Debug Static";
		};
		FB6994A4192FC24200B20DEB /* PBXContainerItemProxy */ = {
			isa = PBXContainerItemProxy;
			containerPortal = FB699499192FC13100B20DEB /* GraphicsFramework.xcodeproj */;
			proxyType = 1;
			remoteGlobalIDString = 74D6DDFA07F342E200267169;
			remoteInfo = "Release Static";
		};
/* End PBXContainerItemProxy section */

/* Begin PBXFileReference section */
		3C6FBC6B083E6E1B0068AA05 /* OpenGL.framework */ = {isa = PBXFileReference; lastKnownFileType = wrapper.framework; name = OpenGL.framework; path = /System/Library/Frameworks/OpenGL.framework; sourceTree = "<absolute>"; };
		3CB4F4A713DCF47000C74DF4 /* GLUT.framework */ = {isa = PBXFileReference; lastKnownFileType = wrapper.framework; name = GLUT.framework; path = ../../../../../../System/Library/Frameworks/GLUT.framework; sourceTree = "<group>"; };
		748AA4CC07F4624400486586 /* SSDOd.app */ = {isa = PBXFileReference; explicitFileType = wrapper.application; includeInIndex = 0; path = SSDOd.app; sourceTree = BUILT_PRODUCTS_DIR; };
		748AA4DA07F4631800486586 /* SSDO.app */ = {isa = PBXFileReference; explicitFileType = wrapper.application; includeInIndex = 0; path = SSDO.app; sourceTree = BUILT_PRODUCTS_DIR; };
		FB0A81B7192EE04E0016C3F1 /* libGraphicsFrameworkd.a */ = {isa = PBXFileReference; lastKnownFileType = archive.ar; name = libGraphicsFrameworkd.a; path = ../SDK/Lib/Debug/libGraphicsFrameworkd.a; sourceTree = "<group>"; };
		FB0A81B9192EE0C00016C3F1 /* libGraphicsFramework.a */ = {isa = PBXFileReference; lastKnownFileType = archive.ar; name = libGraphicsFramework.a; path = ../SDK/Lib/Release/libGraphicsFramework.a; sourceTree = "<group>"; };
		FB18BA0A192ECBBC00D5B13F /* DirectLightingQuad.cpp */ = {isa = PBXFileReference; fileEncoding = 4; lastKnownFileType = sourcecode.cpp.cpp; path = DirectLightingQuad.cpp; sourceTree = "<group>"; };
		FB18BA0B192ECBBC00D5B13F /* DirectLightingQuad.h */ = {isa = PBXFileReference; fileEncoding = 4; lastKnownFileType = sourcecode.c.h; path = DirectLightingQuad.h; sourceTree = "<group>"; };
		FB18BA0C192ECBBC00D5B13F /* SSDOApp.cpp */ = {isa = PBXFileReference; fileEncoding = 4; lastKnownFileType = sourcecode.cpp.cpp; path = SSDOApp.cpp; sourceTree = "<group>"; };
		FB18BA0D192ECBBC00D5B13F /* SSDOApp.h */ = {isa = PBXFileReference; fileEncoding = 4; lastKnownFileType = sourcecode.c.h; path = SSDOApp.h; sourceTree = "<group>"; };
		FB18BA0E192ECBBC00D5B13F /* SSDOFilterScreenQuad.cpp */ = {isa = PBXFileReference; fileEncoding = 4; lastKnownFileType = sourcecode.cpp.cpp; path = SSDOFilterScreenQuad.cpp; sourceTree = "<group>"; };
		FB18BA0F192ECBBC00D5B13F /* SSDOFilterScreenQuad.h */ = {isa = PBXFileReference; fileEncoding = 4; lastKnownFileType = sourcecode.c.h; path = SSDOFilterScreenQuad.h; sourceTree = "<group>"; };
		FB18BA10192ECBBC00D5B13F /* SSDOScreenQuad.cpp */ = {isa = PBXFileReference; fileEncoding = 4; lastKnownFileType = sourcecode.cpp.cpp; path = SSDOScreenQuad.cpp; sourceTree = "<group>"; };
		FB18BA11192ECBBC00D5B13F /* SSDOScreenQuad.h */ = {isa = PBXFileReference; fileEncoding = 4; lastKnownFileType = sourcecode.c.h; path = SSDOScreenQuad.h; sourceTree = "<group>"; };
		FB18BA12192ECBBC00D5B13F /* SSDOTempScreenQuad.cpp */ = {isa = PBXFileReference; fileEncoding = 4; lastKnownFileType = sourcecode.cpp.cpp; path = SSDOTempScreenQuad.cpp; sourceTree = "<group>"; };
		FB18BA13192ECBBC00D5B13F /* SSDOTempScreenQuad.h */ = {isa = PBXFileReference; fileEncoding = 4; lastKnownFileType = sourcecode.c.h; path = SSDOTempScreenQuad.h; sourceTree = "<group>"; };
		FB18BA14192ECBBC00D5B13F /* SSDOTriMesh.cpp */ = {isa = PBXFileReference; fileEncoding = 4; lastKnownFileType = sourcecode.cpp.cpp; path = SSDOTriMesh.cpp; sourceTree = "<group>"; };
		FB18BA15192ECBBC00D5B13F /* SSDOTriMesh.h */ = {isa = PBXFileReference; fileEncoding = 4; lastKnownFileType = sourcecode.c.h; path = SSDOTriMesh.h; sourceTree = "<group>"; };
		FB18BA5E192ECE6F00D5B13F /* main.cpp */ = {isa = PBXFileReference; fileEncoding = 4; lastKnownFileType = sourcecode.cpp.cpp; path = main.cpp; sourceTree = "<group>"; };
		FB56CC3E192FC89600DF31A8 /* fDirectLighting.glsl */ = {isa = PBXFileReference; lastKnownFileType = text; path = fDirectLighting.glsl; sourceTree = "<group>"; };
		FB56CC3F192FC89600DF31A8 /* fGBuffer.glsl */ = {isa = PBXFileReference; lastKnownFileType = text; path = fGBuffer.glsl; sourceTree = "<group>"; };
		FB56CC40192FC89600DF31A8 /* fSSDO.glsl */ = {isa = PBXFileReference; lastKnownFileType = text; path = fSSDO.glsl; sourceTree = "<group>"; };
		FB56CC41192FC89600DF31A8 /* fSSDOFilter.glsl */ = {isa = PBXFileReference; lastKnownFileType = text; path = fSSDOFilter.glsl; sourceTree = "<group>"; };
		FB56CC42192FC89600DF31A8 /* fSSDOTemp.glsl */ = {isa = PBXFileReference; lastKnownFileType = text; path = fSSDOTemp.glsl; sourceTree = "<group>"; };
		FB56CC43192FC89600DF31A8 /* vDirectLighting.glsl */ = {isa = PBXFileReference; lastKnownFileType = text; path = vDirectLighting.glsl; sourceTree = "<group>"; };
		FB56CC44192FC89600DF31A8 /* vGBuffer.glsl */ = {isa = PBXFileReference; lastKnownFileType = text; path = vGBuffer.glsl; sourceTree = "<group>"; };
		FB56CC45192FC89600DF31A8 /* vSSDO.glsl */ = {isa = PBXFileReference; lastKnownFileType = text; path = vSSDO.glsl; sourceTree = "<group>"; };
		FB56CC46192FC89600DF31A8 /* vSSDOFilter.glsl */ = {isa = PBXFileReference; lastKnownFileType = text; path = vSSDOFilter.glsl; sourceTree = "<group>"; };
		FB56CC47192FC89600DF31A8 /* vSSDOTemp.glsl */ = {isa = PBXFileReference; lastKnownFileType = text; path = vSSDOTemp.glsl; sourceTree = "<group>"; };
		FB56CCA0192FEB3500DF31A8 /* beethoven.ply */ = {isa = PBXFileReference; lastKnownFileType = text; path = beethoven.ply; sourceTree = "<group>"; };
		FB56CCA1192FEB3500DF31A8 /* big_dodge.ply */ = {isa = PBXFileReference; lastKnownFileType = text; path = big_dodge.ply; sourceTree = "<group>"; };
		FB56CCA2192FEB3500DF31A8 /* ground.ply */ = {isa = PBXFileReference; lastKnownFileType = text; path = ground.ply; sourceTree = "<group>"; };
		FB56CCA3192FEB3500DF31A8 /* KitchenMediumBlurred.pfm */ = {isa = PBXFileReference; lastKnownFileType = file; path = KitchenMediumBlurred.pfm; sourceTree = "<group>"; };
		FB56CCA4192FEB3500DF31A8 /* screenquad.ply */ = {isa = PBXFileReference; lastKnownFileType = text; path = screenquad.ply; sourceTree = "<group>"; };
		FB56CCA5192FEB4D00DF31A8 /* cube.ply */ = {isa = PBXFileReference; lastKnownFileType = text; path = cube.ply; sourceTree = "<group>"; };
		FB699499192FC13100B20DEB /* GraphicsFramework.xcodeproj */ = {isa = PBXFileReference; lastKnownFileType = "wrapper.pb-project"; name = GraphicsFramework.xcodeproj; path = ../GraphicsFramework/GraphicsFramework.xcodeproj; sourceTree = "<group>"; };
/* End PBXFileReference section */

/* Begin PBXFrameworksBuildPhase section */
		748AA4CA07F4624400486586 /* Frameworks */ = {
			isa = PBXFrameworksBuildPhase;
			buildActionMask = 2147483647;
			files = (
				FB0A81B8192EE04E0016C3F1 /* libGraphicsFrameworkd.a in Frameworks */,
				3C6FBC6C083E6E1B0068AA05 /* OpenGL.framework in Frameworks */,
				3CB4F4A813DCF47000C74DF4 /* GLUT.framework in Frameworks */,
			);
			runOnlyForDeploymentPostprocessing = 0;
		};
		748AA4D807F4631800486586 /* Frameworks */ = {
			isa = PBXFrameworksBuildPhase;
			buildActionMask = 2147483647;
			files = (
				FB0A81BA192EE0C00016C3F1 /* libGraphicsFramework.a in Frameworks */,
				3C6FBC6D083E6E1B0068AA05 /* OpenGL.framework in Frameworks */,
				3CB4F4A913DCF47000C74DF4 /* GLUT.framework in Frameworks */,
			);
			runOnlyForDeploymentPostprocessing = 0;
		};
/* End PBXFrameworksBuildPhase section */

/* Begin PBXGroup section */
		7432C2B407F8766A00ABC141 /* Debug */ = {
			isa = PBXGroup;
			children = (
				FB0A81B7192EE04E0016C3F1 /* libGraphicsFrameworkd.a */,
			);
			name = Debug;
			sourceTree = "<group>";
		};
		7432C2B707F8767000ABC141 /* Release */ = {
			isa = PBXGroup;
			children = (
				FB0A81B9192EE0C00016C3F1 /* libGraphicsFramework.a */,
			);
			name = Release;
			sourceTree = "<group>";
		};
		748AA4BE07F4621A00486586 = {
			isa = PBXGroup;
			children = (
				FB699499192FC13100B20DEB /* GraphicsFramework.xcodeproj */,
				FB56CC3D192FC83300DF31A8 /* GLSL */,
				FB56CC9F192FEAD400DF31A8 /* Resources */,
				748AA50C07F465A200486586 /* Sources */,
				748AA4F707F4641600486586 /* Libraries */,
				748AA4E207F463F300486586 /* Frameworks */,
				748AA4CD07F4624400486586 /* Products */,
			);
			sourceTree = "<group>";
		};
		748AA4CD07F4624400486586 /* Products */ = {
			isa = PBXGroup;
			children = (
				748AA4CC07F4624400486586 /* SSDOd.app */,
				748AA4DA07F4631800486586 /* SSDO.app */,
			);
			name = Products;
			sourceTree = "<group>";
		};
		748AA4E207F463F300486586 /* Frameworks */ = {
			isa = PBXGroup;
			children = (
				3CB4F4A713DCF47000C74DF4 /* GLUT.framework */,
				3C6FBC6B083E6E1B0068AA05 /* OpenGL.framework */,
			);
			name = Frameworks;
			sourceTree = "<group>";
		};
		748AA4F707F4641600486586 /* Libraries */ = {
			isa = PBXGroup;
			children = (
				7432C2B407F8766A00ABC141 /* Debug */,
				7432C2B707F8767000ABC141 /* Release */,
			);
			name = Libraries;
			sourceTree = SOURCE_ROOT;
		};
		748AA50C07F465A200486586 /* Sources */ = {
			isa = PBXGroup;
			children = (
				FB18BA5E192ECE6F00D5B13F /* main.cpp */,
				FB18BA0A192ECBBC00D5B13F /* DirectLightingQuad.cpp */,
				FB18BA0B192ECBBC00D5B13F /* DirectLightingQuad.h */,
				FB18BA0C192ECBBC00D5B13F /* SSDOApp.cpp */,
				FB18BA0D192ECBBC00D5B13F /* SSDOApp.h */,
				FB18BA0E192ECBBC00D5B13F /* SSDOFilterScreenQuad.cpp */,
				FB18BA0F192ECBBC00D5B13F /* SSDOFilterScreenQuad.h */,
				FB18BA10192ECBBC00D5B13F /* SSDOScreenQuad.cpp */,
				FB18BA11192ECBBC00D5B13F /* SSDOScreenQuad.h */,
				FB18BA12192ECBBC00D5B13F /* SSDOTempScreenQuad.cpp */,
				FB18BA13192ECBBC00D5B13F /* SSDOTempScreenQuad.h */,
				FB18BA14192ECBBC00D5B13F /* SSDOTriMesh.cpp */,
				FB18BA15192ECBBC00D5B13F /* SSDOTriMesh.h */,
			);
			name = Sources;
			sourceTree = "<group>";
		};
		FB56CC3D192FC83300DF31A8 /* GLSL */ = {
			isa = PBXGroup;
			children = (
				FB56CC3E192FC89600DF31A8 /* fDirectLighting.glsl */,
				FB56CC3F192FC89600DF31A8 /* fGBuffer.glsl */,
				FB56CC40192FC89600DF31A8 /* fSSDO.glsl */,
				FB56CC41192FC89600DF31A8 /* fSSDOFilter.glsl */,
				FB56CC42192FC89600DF31A8 /* fSSDOTemp.glsl */,
				FB56CC43192FC89600DF31A8 /* vDirectLighting.glsl */,
				FB56CC44192FC89600DF31A8 /* vGBuffer.glsl */,
				FB56CC45192FC89600DF31A8 /* vSSDO.glsl */,
				FB56CC46192FC89600DF31A8 /* vSSDOFilter.glsl */,
				FB56CC47192FC89600DF31A8 /* vSSDOTemp.glsl */,
			);
			name = GLSL;
			sourceTree = "<group>";
		};
		FB56CC9F192FEAD400DF31A8 /* Resources */ = {
			isa = PBXGroup;
			children = (
				FB56CCA5192FEB4D00DF31A8 /* cube.ply */,
				FB56CCA0192FEB3500DF31A8 /* beethoven.ply */,
				FB56CCA1192FEB3500DF31A8 /* big_dodge.ply */,
				FB56CCA2192FEB3500DF31A8 /* ground.ply */,
				FB56CCA3192FEB3500DF31A8 /* KitchenMediumBlurred.pfm */,
				FB56CCA4192FEB3500DF31A8 /* screenquad.ply */,
			);
			name = Resources;
			sourceTree = "<group>";
		};
		FB69949A192FC13100B20DEB /* Products */ = {
			isa = PBXGroup;
			children = (
				FB69949F192FC13100B20DEB /* libGraphicsFrameworkd.a */,
				FB6994A1192FC13100B20DEB /* libGraphicsFramework.a */,
			);
			name = Products;
			sourceTree = "<group>";
		};
/* End PBXGroup section */

/* Begin PBXNativeTarget section */
		748AA4CB07F4624400486586 /* Debug Static */ = {
			isa = PBXNativeTarget;
			buildConfigurationList = 3C4B939708674C10001A085C /* Build configuration list for PBXNativeTarget "Debug Static" */;
			buildPhases = (
				748AA4C807F4624400486586 /* Resources */,
				748AA4C907F4624400486586 /* Sources */,
				748AA4CA07F4624400486586 /* Frameworks */,
			);
			buildRules = (
			);
			dependencies = (
				FB6994A3192FC15300B20DEB /* PBXTargetDependency */,
			);
			name = "Debug Static";
			productName = BillboardNodesStaDeb;
			productReference = 748AA4CC07F4624400486586 /* SSDOd.app */;
			productType = "com.apple.product-type.application";
		};
		748AA4D907F4631800486586 /* Release Static */ = {
			isa = PBXNativeTarget;
			buildConfigurationList = 3C4B939A08674C10001A085C /* Build configuration list for PBXNativeTarget "Release Static" */;
			buildPhases = (
				748AA4D607F4631800486586 /* Resources */,
				748AA4D707F4631800486586 /* Sources */,
				748AA4D807F4631800486586 /* Frameworks */,
			);
			buildRules = (
			);
			dependencies = (
				FB6994A5192FC24200B20DEB /* PBXTargetDependency */,
			);
			name = "Release Static";
			productName = BillboardNodesStaRel;
			productReference = 748AA4DA07F4631800486586 /* SSDO.app */;
			productType = "com.apple.product-type.application";
		};
/* End PBXNativeTarget section */

/* Begin PBXProject section */
		748AA4C207F4621A00486586 /* Project object */ = {
			isa = PBXProject;
			attributes = {
				LastUpgradeCheck = 0510;
			};
			buildConfigurationList = 3C4B93AC08674C10001A085C /* Build configuration list for PBXProject "SSDO" */;
			compatibilityVersion = "Xcode 3.2";
			developmentRegion = English;
			hasScannedForEncodings = 0;
			knownRegions = (
				English,
				Japanese,
				French,
				German,
			);
			mainGroup = 748AA4BE07F4621A00486586;
			productRefGroup = 748AA4CD07F4624400486586 /* Products */;
			projectDirPath = "";
			projectReferences = (
				{
					ProductGroup = FB69949A192FC13100B20DEB /* Products */;
					ProjectRef = FB699499192FC13100B20DEB /* GraphicsFramework.xcodeproj */;
				},
			);
			projectRoot = "";
			targets = (
				748AA4CB07F4624400486586 /* Debug Static */,
				748AA4D907F4631800486586 /* Release Static */,
			);
		};
/* End PBXProject section */

/* Begin PBXReferenceProxy section */
		FB69949F192FC13100B20DEB /* libGraphicsFrameworkd.a */ = {
			isa = PBXReferenceProxy;
			fileType = archive.ar;
			path = libGraphicsFrameworkd.a;
			remoteRef = FB69949E192FC13100B20DEB /* PBXContainerItemProxy */;
			sourceTree = BUILT_PRODUCTS_DIR;
		};
		FB6994A1192FC13100B20DEB /* libGraphicsFramework.a */ = {
			isa = PBXReferenceProxy;
			fileType = archive.ar;
			path = libGraphicsFramework.a;
			remoteRef = FB6994A0192FC13100B20DEB /* PBXContainerItemProxy */;
			sourceTree = BUILT_PRODUCTS_DIR;
		};
/* End PBXReferenceProxy section */

/* Begin PBXResourcesBuildPhase section */
		748AA4C807F4624400486586 /* Resources */ = {
			isa = PBXResourcesBuildPhase;
			buildActionMask = 2147483647;
			files = (
				FB56CCA6192FEB6A00DF31A8 /* cube.ply in Resources */,
				FB56CCA7192FEB6A00DF31A8 /* beethoven.ply in Resources */,
				FB56CCA8192FEB6A00DF31A8 /* big_dodge.ply in Resources */,
				FB56CCA9192FEB6A00DF31A8 /* ground.ply in Resources */,
				FB56CCAA192FEB6A00DF31A8 /* KitchenMediumBlurred.pfm in Resources */,
				FB56CCAB192FEB6A00DF31A8 /* screenquad.ply in Resources */,
				FB56CC95192FE8B800DF31A8 /* fDirectLighting.glsl in Resources */,
				FB56CC96192FE8B800DF31A8 /* fGBuffer.glsl in Resources */,
				FB56CC97192FE8B800DF31A8 /* fSSDO.glsl in Resources */,
				FB56CC98192FE8B800DF31A8 /* fSSDOFilter.glsl in Resources */,
				FB56CC99192FE8B800DF31A8 /* fSSDOTemp.glsl in Resources */,
				FB56CC9A192FE8B800DF31A8 /* vDirectLighting.glsl in Resources */,
				FB56CC9B192FE8B800DF31A8 /* vGBuffer.glsl in Resources */,
				FB56CC9C192FE8B800DF31A8 /* vSSDO.glsl in Resources */,
				FB56CC9D192FE8B800DF31A8 /* vSSDOFilter.glsl in Resources */,
				FB56CC9E192FE8B800DF31A8 /* vSSDOTemp.glsl in Resources */,
			);
			runOnlyForDeploymentPostprocessing = 0;
		};
		748AA4D607F4631800486586 /* Resources */ = {
			isa = PBXResourcesBuildPhase;
			buildActionMask = 2147483647;
			files = (
				FB56CCB6192FFD3500DF31A8 /* cube.ply in Resources */,
				FB56CCB7192FFD3500DF31A8 /* beethoven.ply in Resources */,
				FB56CCB8192FFD3500DF31A8 /* big_dodge.ply in Resources */,
				FB56CCB9192FFD3500DF31A8 /* ground.ply in Resources */,
				FB56CCBA192FFD3500DF31A8 /* KitchenMediumBlurred.pfm in Resources */,
				FB56CCBB192FFD3500DF31A8 /* screenquad.ply in Resources */,
				FB56CCAC192FFD2D00DF31A8 /* fDirectLighting.glsl in Resources */,
				FB56CCAD192FFD2D00DF31A8 /* fGBuffer.glsl in Resources */,
				FB56CCAE192FFD2D00DF31A8 /* fSSDO.glsl in Resources */,
				FB56CCAF192FFD2D00DF31A8 /* fSSDOFilter.glsl in Resources */,
				FB56CCB0192FFD2D00DF31A8 /* fSSDOTemp.glsl in Resources */,
				FB56CCB1192FFD2D00DF31A8 /* vDirectLighting.glsl in Resources */,
				FB56CCB2192FFD2D00DF31A8 /* vGBuffer.glsl in Resources */,
				FB56CCB3192FFD2D00DF31A8 /* vSSDO.glsl in Resources */,
				FB56CCB4192FFD2D00DF31A8 /* vSSDOFilter.glsl in Resources */,
				FB56CCB5192FFD2D00DF31A8 /* vSSDOTemp.glsl in Resources */,
			);
			runOnlyForDeploymentPostprocessing = 0;
		};
/* End PBXResourcesBuildPhase section */

/* Begin PBXSourcesBuildPhase section */
		748AA4C907F4624400486586 /* Sources */ = {
			isa = PBXSourcesBuildPhase;
			buildActionMask = 2147483647;
			files = (
				FB18BA1A192ECBBC00D5B13F /* SSDOTempScreenQuad.cpp in Sources */,
				FB18BA17192ECBBC00D5B13F /* SSDOApp.cpp in Sources */,
				FB18BA1B192ECBBC00D5B13F /* SSDOTriMesh.cpp in Sources */,
				FB18BA16192ECBBC00D5B13F /* DirectLightingQuad.cpp in Sources */,
				FB18BA5F192ECE6F00D5B13F /* main.cpp in Sources */,
				FB18BA18192ECBBC00D5B13F /* SSDOFilterScreenQuad.cpp in Sources */,
				FB18BA19192ECBBC00D5B13F /* SSDOScreenQuad.cpp in Sources */,
			);
			runOnlyForDeploymentPostprocessing = 0;
		};
		748AA4D707F4631800486586 /* Sources */ = {
			isa = PBXSourcesBuildPhase;
			buildActionMask = 2147483647;
			files = (
				FB6994A6192FC2A100B20DEB /* main.cpp in Sources */,
				FB6994A7192FC2A100B20DEB /* DirectLightingQuad.cpp in Sources */,
				FB6994A8192FC2A100B20DEB /* SSDOApp.cpp in Sources */,
				FB6994A9192FC2A100B20DEB /* SSDOFilterScreenQuad.cpp in Sources */,
				FB6994AA192FC2A200B20DEB /* SSDOScreenQuad.cpp in Sources */,
				FB6994AB192FC2A200B20DEB /* SSDOTempScreenQuad.cpp in Sources */,
				FB6994AC192FC2A200B20DEB /* SSDOTriMesh.cpp in Sources */,
			);
			runOnlyForDeploymentPostprocessing = 0;
		};
/* End PBXSourcesBuildPhase section */

/* Begin PBXTargetDependency section */
		FB6994A3192FC15300B20DEB /* PBXTargetDependency */ = {
			isa = PBXTargetDependency;
			name = "Debug Static";
			targetProxy = FB6994A2192FC15300B20DEB /* PBXContainerItemProxy */;
		};
		FB6994A5192FC24200B20DEB /* PBXTargetDependency */ = {
			isa = PBXTargetDependency;
			name = "Release Static";
			targetProxy = FB6994A4192FC24200B20DEB /* PBXContainerItemProxy */;
		};
/* End PBXTargetDependency section */

/* Begin XCBuildConfiguration section */
		3C4B939908674C10001A085C /* Default */ = {
			isa = XCBuildConfiguration;
			buildSettings = {
				COMBINE_HIDPI_IMAGES = YES;
				COPY_PHASE_STRIP = NO;
				DEAD_CODE_STRIPPING = YES;
				GCC_ENABLE_CPP_RTTI = YES;
				GCC_INLINES_ARE_PRIVATE_EXTERN = NO;
				GCC_OPTIMIZATION_LEVEL = 0;
				GCC_PREPROCESSOR_DEFINITIONS = _DEBUG;
				GCC_SYMBOLS_PRIVATE_EXTERN = NO;
				GCC_WARN_ABOUT_DEPRECATED_FUNCTIONS = NO;
				HEADER_SEARCH_PATHS = "${SRCROOT}/../SDK/Include";
				LIBRARY_SEARCH_PATHS = "${SRCROOT}/../SDK/Lib/Debug";
				PRESERVE_DEAD_CODE_INITS_AND_TERMS = YES;
				PRODUCT_NAME = SSDOd;
				WARNING_CFLAGS = (
					"-Wmost",
					"-Wno-four-char-constants",
					"-Wno-unknown-pragmas",
				);
			};
			name = Default;
		};
		3C4B939C08674C10001A085C /* Default */ = {
			isa = XCBuildConfiguration;
			buildSettings = {
				COMBINE_HIDPI_IMAGES = YES;
				DEAD_CODE_STRIPPING = YES;
				HEADER_SEARCH_PATHS = "${SRCROOT}/../SDK/Include";
				LIBRARY_SEARCH_PATHS = "${SRCROOT}/../SDK/Lib/Release";
				PRESERVE_DEAD_CODE_INITS_AND_TERMS = YES;
				PRODUCT_NAME = SSDO;
				WARNING_CFLAGS = (
					"-Wmost",
					"-Wno-four-char-constants",
					"-Wno-unknown-pragmas",
					"-Wno-deprecated",
				);
			};
			name = Default;
		};
		3C4B93AE08674C10001A085C /* Default */ = {
			isa = XCBuildConfiguration;
			buildSettings = {
				GCC_INLINES_ARE_PRIVATE_EXTERN = NO;
				GCC_SYMBOLS_PRIVATE_EXTERN = NO;
				SDKROOT = macosx;
			};
			name = Default;
		};
/* End XCBuildConfiguration section */

/* Begin XCConfigurationList section */
		3C4B939708674C10001A085C /* Build configuration list for PBXNativeTarget "Debug Static" */ = {
			isa = XCConfigurationList;
			buildConfigurations = (
				3C4B939908674C10001A085C /* Default */,
			);
			defaultConfigurationIsVisible = 0;
			defaultConfigurationName = Default;
		};
		3C4B939A08674C10001A085C /* Build configuration list for PBXNativeTarget "Release Static" */ = {
			isa = XCConfigurationList;
			buildConfigurations = (
				3C4B939C08674C10001A085C /* Default */,
			);
			defaultConfigurationIsVisible = 0;
			defaultConfigurationName = Default;
		};
		3C4B93AC08674C10001A085C /* Build configuration list for PBXProject "SSDO" */ = {
			isa = XCConfigurationList;
			buildConfigurations = (
				3C4B93AE08674C10001A085C /* Default */,
			);
			defaultConfigurationIsVisible = 0;
			defaultConfigurationName = Default;
		};
/* End XCConfigurationList section */
	};
	rootObject = 748AA4C207F4621A00486586 /* Project object */;
}
