<?xml version="1.0" encoding="utf-8"?>
<Project ToolsVersion="4.0" xmlns="http://schemas.microsoft.com/developer/msbuild/2003">
  <ItemGroup>
    <Filter Include="GLSL">
      <UniqueIdentifier>{a51d34e2-5399-4f7b-9e09-2652d3eb66fa}</UniqueIdentifier>
    </Filter>
  </ItemGroup>
  <ItemGroup>
    <ClCompile Include="BidirectionalVoxelGIApp.cpp" />
    <ClCompile Include="DirectLightingScreenQuad.cpp" />
    <ClCompile Include="IndirectLightingScreenQuad.cpp" />
    <ClCompile Include="main.cpp" />
    <ClCompile Include="SampleRSM.cpp" />
    <ClCompile Include="TempScreenQuad.cpp" />
    <ClCompile Include="SceneMesh.cpp" />
  </ItemGroup>
  <ItemGroup>
    <ClInclude Include="BidirectionalVoxelGIApp.h" />
    <ClInclude Include="DirectLightingScreenQuad.h" />
    <ClInclude Include="IndirectLightingScreenQuad.h" />
    <ClInclude Include="SampleRSM.h" />
    <ClInclude Include="TempScreenQuad.h" />
    <ClInclude Include="SceneMesh.h" />
  </ItemGroup>
</Project>