<?xml version="1.0" encoding="utf-8"?>
<Project ToolsVersion="4.0" xmlns="http://schemas.microsoft.com/developer/msbuild/2003">
  <ItemGroup>
    <Filter Include="GLSL">
      <UniqueIdentifier>{a51d34e2-5399-4f7b-9e09-2652d3eb66fa}</UniqueIdentifier>
    </Filter>
    <Filter Include="Renderers">
      <UniqueIdentifier>{35dc4f9d-a19c-4509-b2b3-646a7f4a39ff}</UniqueIdentifier>
    </Filter>
  </ItemGroup>
  <ItemGroup>
    <ClCompile Include="BidirectionalVoxelGIApp.cpp" />
    <ClCompile Include="DirectLightingScreenQuad.cpp" />
    <ClCompile Include="IndirectLightingScreenQuad.cpp" />
    <ClCompile Include="main.cpp" />
    <ClCompile Include="SampleRSM.cpp" />
    <ClCompile Include="TempScreenQuad.cpp" />
    <ClCompile Include="SceneMesh.cpp" />
    <ClCompile Include="ShadowMapRenderer.cpp">
      <Filter>Renderers</Filter>
    </ClCompile>
    <ClCompile Include="DirectLightingRenderer.cpp">
      <Filter>Renderers</Filter>
    </ClCompile>
    <ClCompile Include="IndirectLightingRenderer.cpp">
      <Filter>Renderers</Filter>
    </ClCompile>
    <ClCompile Include="VPLGenerator.cpp">
      <Filter>Renderers</Filter>
    </ClCompile>
    <ClCompile Include="Voxelizer.cpp">
      <Filter>Renderers</Filter>
    </ClCompile>
    <ClCompile Include="Merger.cpp">
      <Filter>Renderers</Filter>
    </ClCompile>
  </ItemGroup>
  <ItemGroup>
    <ClInclude Include="BidirectionalVoxelGIApp.h" />
    <ClInclude Include="DirectLightingScreenQuad.h" />
    <ClInclude Include="IndirectLightingScreenQuad.h" />
    <ClInclude Include="SampleRSM.h" />
    <ClInclude Include="TempScreenQuad.h" />
    <ClInclude Include="SceneMesh.h" />
    <ClInclude Include="ShadowMapRenderer.h">
      <Filter>Renderers</Filter>
    </ClInclude>
    <ClInclude Include="DirectLightingRenderer.h">
      <Filter>Renderers</Filter>
    </ClInclude>
    <ClInclude Include="IndirectLightingRenderer.h">
      <Filter>Renderers</Filter>
    </ClInclude>
    <ClInclude Include="VPLGenerator.h">
      <Filter>Renderers</Filter>
    </ClInclude>
    <ClInclude Include="Voxelizer.h">
      <Filter>Renderers</Filter>
    </ClInclude>
    <ClInclude Include="Merger.h">
      <Filter>Renderers</Filter>
    </ClInclude>
  </ItemGroup>
  <ItemGroup>
    <None Include="cSampleRSM.glsl">
      <Filter>GLSL</Filter>
    </None>
    <None Include="fDirectLighting.glsl">
      <Filter>GLSL</Filter>
    </None>
    <None Include="fGBuffer.glsl">
      <Filter>GLSL</Filter>
    </None>
    <None Include="fIndirectLighting.glsl">
      <Filter>GLSL</Filter>
    </None>
    <None Include="fRSM.glsl">
      <Filter>GLSL</Filter>
    </None>
    <None Include="fShadow.glsl">
      <Filter>GLSL</Filter>
    </None>
    <None Include="fVPLTemp.glsl">
      <Filter>GLSL</Filter>
    </None>
    <None Include="gRSM.glsl">
      <Filter>GLSL</Filter>
    </None>
    <None Include="tcShadow.glsl">
      <Filter>GLSL</Filter>
    </None>
    <None Include="teShadow.glsl">
      <Filter>GLSL</Filter>
    </None>
    <None Include="vDirectLighting.glsl">
      <Filter>GLSL</Filter>
    </None>
    <None Include="vGBuffer.glsl">
      <Filter>GLSL</Filter>
    </None>
    <None Include="vIndirectLighting.glsl">
      <Filter>GLSL</Filter>
    </None>
    <None Include="vRSM.glsl">
      <Filter>GLSL</Filter>
    </None>
    <None Include="vShadow.glsl">
      <Filter>GLSL</Filter>
    </None>
    <None Include="vVPLTemp.glsl">
      <Filter>GLSL</Filter>
    </None>
  </ItemGroup>
</Project>