<?xml version="1.0" encoding="utf-8"?>
<Project ToolsVersion="4.0" xmlns="http://schemas.microsoft.com/developer/msbuild/2003">
  <ItemGroup>
    <ClCompile Include="Application.cpp" />
    <ClCompile Include="AABB.cpp">
      <Filter>Math</Filter>
    </ClCompile>
    <ClCompile Include="Fog.cpp">
      <Filter>Scene Objects</Filter>
    </ClCompile>
    <ClCompile Include="Camera.cpp">
      <Filter>Scene Objects</Filter>
    </ClCompile>
    <ClCompile Include="Light.cpp">
      <Filter>Scene Objects</Filter>
    </ClCompile>
    <ClCompile Include="PointSet.cpp">
      <Filter>Scene Objects</Filter>
    </ClCompile>
    <ClCompile Include="RefObject.cpp">
      <Filter>Scene Objects</Filter>
    </ClCompile>
    <ClCompile Include="RenderObject.cpp">
      <Filter>Scene Objects</Filter>
    </ClCompile>
    <ClCompile Include="TriangleMesh.cpp">
      <Filter>Scene Objects</Filter>
    </ClCompile>
    <ClCompile Include="ShaderProgram.cpp">
      <Filter>Shaders</Filter>
    </ClCompile>
    <ClCompile Include="VertexShader.cpp">
      <Filter>Shaders</Filter>
    </ClCompile>
    <ClCompile Include="Shader.cpp">
      <Filter>Shaders</Filter>
    </ClCompile>
    <ClCompile Include="FragmentShader.cpp">
      <Filter>Shaders</Filter>
    </ClCompile>
    <ClCompile Include="bmpread.c">
      <Filter>Textures</Filter>
    </ClCompile>
    <ClCompile Include="Texture.cpp">
      <Filter>Textures</Filter>
    </ClCompile>
    <ClCompile Include="Texture2D.cpp">
      <Filter>Textures</Filter>
    </ClCompile>
    <ClCompile Include="TextureCube.cpp">
      <Filter>Textures</Filter>
    </ClCompile>
    <ClCompile Include="LSystem.cpp">
      <Filter>L-System</Filter>
    </ClCompile>
    <ClCompile Include="Expression.cpp">
      <Filter>L-System</Filter>
    </ClCompile>
    <ClCompile Include="Token.cpp">
      <Filter>L-System</Filter>
    </ClCompile>
    <ClCompile Include="PolyCylinder.cpp">
      <Filter>L-System</Filter>
    </ClCompile>
    <ClCompile Include="GraphicsFrameworkPCH.cpp" />
    <ClCompile Include="FrameBuffer.cpp">
      <Filter>Textures</Filter>
    </ClCompile>
    <ClCompile Include="ScreenQuad.cpp">
      <Filter>Scene Objects</Filter>
    </ClCompile>
    <ClCompile Include="Pass.cpp">
      <Filter>Shaders</Filter>
    </ClCompile>
    <ClCompile Include="Technique.cpp">
      <Filter>Shaders</Filter>
    </ClCompile>
    <ClCompile Include="MaterialTemplate.cpp">
      <Filter>Shaders</Filter>
    </ClCompile>
    <ClCompile Include="Material.cpp">
      <Filter>Shaders</Filter>
    </ClCompile>
    <ClCompile Include="RNG.cpp">
      <Filter>Math</Filter>
    </ClCompile>
    <ClCompile Include="ComputeShader.cpp">
      <Filter>Shaders</Filter>
    </ClCompile>
    <ClCompile Include="Buffer.cpp">
      <Filter>Buffers</Filter>
    </ClCompile>
    <ClCompile Include="PixelBuffer.cpp">
      <Filter>Buffers</Filter>
    </ClCompile>
    <ClCompile Include="AtomicCounterBuffer.cpp">
      <Filter>Buffers</Filter>
    </ClCompile>
    <ClCompile Include="TextureBuffer.cpp">
      <Filter>Buffers</Filter>
    </ClCompile>
    <ClCompile Include="StructuredBuffer.cpp">
      <Filter>Buffers</Filter>
    </ClCompile>
    <ClCompile Include="Texture3D.cpp">
      <Filter>Textures</Filter>
    </ClCompile>
    <ClCompile Include="PassInfo.cpp">
      <Filter>Shaders</Filter>
    </ClCompile>
    <ClCompile Include="TechniqueInfo.cpp">
      <Filter>Shaders</Filter>
    </ClCompile>
    <ClCompile Include="GeometryAttributes.cpp">
      <Filter>Scene Objects</Filter>
    </ClCompile>
    <ClCompile Include="Texture1D.cpp">
      <Filter>Textures</Filter>
    </ClCompile>
    <ClCompile Include="TessellationControlShader.cpp">
      <Filter>Shaders</Filter>
    </ClCompile>
    <ClCompile Include="TessellationEvaluationShader.cpp">
      <Filter>Shaders</Filter>
    </ClCompile>
    <ClCompile Include="GeometryShader.cpp">
      <Filter>Shaders</Filter>
    </ClCompile>
    <ClCompile Include="Texture2DArray.cpp">
      <Filter>Textures</Filter>
    </ClCompile>
    <ClCompile Include="DispatchIndirectBuffer.cpp">
      <Filter>Buffers</Filter>
    </ClCompile>
    <ClCompile Include="UniformBuffer.cpp">
      <Filter>Buffers</Filter>
    </ClCompile>
    <ClCompile Include="ComputePass.cpp">
      <Filter>GPGPU</Filter>
    </ClCompile>
    <ClCompile Include="ComputeTask.cpp">
      <Filter>GPGPU</Filter>
    </ClCompile>
    <ClCompile Include="PassBase.cpp">
      <Filter>Shaders</Filter>
    </ClCompile>
    <ClCompile Include="PassManager.cpp">
      <Filter>Shaders</Filter>
    </ClCompile>
    <ClCompile Include="GPUTimer.cpp">
      <Filter>Utils</Filter>
    </ClCompile>
    <ClCompile Include="PolylineGeometry.cpp">
      <Filter>Scene Objects</Filter>
    </ClCompile>
    <ClCompile Include="SceneManager.cpp">
      <Filter>Scene Objects</Filter>
    </ClCompile>
    <ClCompile Include="SubRenderer.cpp">
      <Filter>Renderers</Filter>
    </ClCompile>
    <ClCompile Include="GBufferRenderer.cpp">
      <Filter>Renderers</Filter>
    </ClCompile>
    <ClCompile Include="RendererOutput.cpp">
      <Filter>Renderers</Filter>
    </ClCompile>
    <ClCompile Include="BufferBase.cpp">
      <Filter>Renderers</Filter>
    </ClCompile>
  </ItemGroup>
  <ItemGroup>
    <ClInclude Include="Angel.h" />
    <ClInclude Include="Application.h" />
    <ClInclude Include="CheckError.h" />
    <ClInclude Include="FrameworkCommon.h" />
    <ClInclude Include="AABB.h">
      <Filter>Math</Filter>
    </ClInclude>
    <ClInclude Include="mat.h">
      <Filter>Math</Filter>
    </ClInclude>
    <ClInclude Include="vec.h">
      <Filter>Math</Filter>
    </ClInclude>
    <ClInclude Include="Fog.h">
      <Filter>Scene Objects</Filter>
    </ClInclude>
    <ClInclude Include="Camera.h">
      <Filter>Scene Objects</Filter>
    </ClInclude>
    <ClInclude Include="Light.h">
      <Filter>Scene Objects</Filter>
    </ClInclude>
    <ClInclude Include="PointSet.h">
      <Filter>Scene Objects</Filter>
    </ClInclude>
    <ClInclude Include="RefObject.h">
      <Filter>Scene Objects</Filter>
    </ClInclude>
    <ClInclude Include="RefPointer.h">
      <Filter>Scene Objects</Filter>
    </ClInclude>
    <ClInclude Include="RenderObject.h">
      <Filter>Scene Objects</Filter>
    </ClInclude>
    <ClInclude Include="TriangleMesh.h">
      <Filter>Scene Objects</Filter>
    </ClInclude>
    <ClInclude Include="ShaderProgram.h">
      <Filter>Shaders</Filter>
    </ClInclude>
    <ClInclude Include="VertexShader.h">
      <Filter>Shaders</Filter>
    </ClInclude>
    <ClInclude Include="Shader.h">
      <Filter>Shaders</Filter>
    </ClInclude>
    <ClInclude Include="FragmentShader.h">
      <Filter>Shaders</Filter>
    </ClInclude>
    <ClInclude Include="bmpread.h">
      <Filter>Textures</Filter>
    </ClInclude>
    <ClInclude Include="Texture.h">
      <Filter>Textures</Filter>
    </ClInclude>
    <ClInclude Include="Texture2D.h">
      <Filter>Textures</Filter>
    </ClInclude>
    <ClInclude Include="TextureCube.h">
      <Filter>Textures</Filter>
    </ClInclude>
    <ClInclude Include="LSystem.h">
      <Filter>L-System</Filter>
    </ClInclude>
    <ClInclude Include="Expression.h">
      <Filter>L-System</Filter>
    </ClInclude>
    <ClInclude Include="Token.h">
      <Filter>L-System</Filter>
    </ClInclude>
    <ClInclude Include="PolyCylinder.h">
      <Filter>L-System</Filter>
    </ClInclude>
    <ClInclude Include="GraphicsFrameworkPCH.h" />
    <ClInclude Include="GraphicsFrameworkHeader.h" />
    <ClInclude Include="FrameBuffer.h">
      <Filter>Textures</Filter>
    </ClInclude>
    <ClInclude Include="ScreenQuad.h">
      <Filter>Scene Objects</Filter>
    </ClInclude>
    <ClInclude Include="Pass.h">
      <Filter>Shaders</Filter>
    </ClInclude>
    <ClInclude Include="Technique.h">
      <Filter>Shaders</Filter>
    </ClInclude>
    <ClInclude Include="MaterialTemplate.h">
      <Filter>Shaders</Filter>
    </ClInclude>
    <ClInclude Include="Material.h">
      <Filter>Shaders</Filter>
    </ClInclude>
    <ClInclude Include="RNG.h">
      <Filter>Math</Filter>
    </ClInclude>
    <ClInclude Include="ComputeShader.h">
      <Filter>Shaders</Filter>
    </ClInclude>
    <ClInclude Include="Buffer.h">
      <Filter>Buffers</Filter>
    </ClInclude>
    <ClInclude Include="PixelBuffer.h">
      <Filter>Buffers</Filter>
    </ClInclude>
    <ClInclude Include="AtomicCounterBuffer.h">
      <Filter>Buffers</Filter>
    </ClInclude>
    <ClInclude Include="TextureBuffer.h">
      <Filter>Buffers</Filter>
    </ClInclude>
    <ClInclude Include="StructuredBuffer.h">
      <Filter>Buffers</Filter>
    </ClInclude>
    <ClInclude Include="Texture3D.h">
      <Filter>Textures</Filter>
    </ClInclude>
    <ClInclude Include="PassInfo.h">
      <Filter>Shaders</Filter>
    </ClInclude>
    <ClInclude Include="TechniqueInfo.h">
      <Filter>Shaders</Filter>
    </ClInclude>
    <ClInclude Include="GeometryAttributes.h">
      <Filter>Scene Objects</Filter>
    </ClInclude>
    <ClInclude Include="Texture1D.h">
      <Filter>Textures</Filter>
    </ClInclude>
    <ClInclude Include="TessellationControlShader.h">
      <Filter>Shaders</Filter>
    </ClInclude>
    <ClInclude Include="TessellationEvaluationShader.h">
      <Filter>Shaders</Filter>
    </ClInclude>
    <ClInclude Include="GeometryShader.h">
      <Filter>Shaders</Filter>
    </ClInclude>
    <ClInclude Include="Texture2DArray.h">
      <Filter>Textures</Filter>
    </ClInclude>
    <ClInclude Include="DispatchIndirectBuffer.h">
      <Filter>Buffers</Filter>
    </ClInclude>
    <ClInclude Include="UniformBuffer.h">
      <Filter>Buffers</Filter>
    </ClInclude>
    <ClInclude Include="ComputePass.h">
      <Filter>GPGPU</Filter>
    </ClInclude>
    <ClInclude Include="ComputeTask.h">
      <Filter>GPGPU</Filter>
    </ClInclude>
    <ClInclude Include="PassBase.h">
      <Filter>Shaders</Filter>
    </ClInclude>
    <ClInclude Include="PassManager.h">
      <Filter>Shaders</Filter>
    </ClInclude>
    <ClInclude Include="GPUTimer.h">
      <Filter>Utils</Filter>
    </ClInclude>
    <ClInclude Include="PolylineGeometry.h">
      <Filter>Scene Objects</Filter>
    </ClInclude>
    <ClInclude Include="SceneManager.h">
      <Filter>Scene Objects</Filter>
    </ClInclude>
    <ClInclude Include="SubRenderer.h">
      <Filter>Renderers</Filter>
    </ClInclude>
    <ClInclude Include="GBufferRenderer.h">
      <Filter>Renderers</Filter>
    </ClInclude>
    <ClInclude Include="RendererOutput.h">
      <Filter>Renderers</Filter>
    </ClInclude>
    <ClInclude Include="BufferBase.h">
      <Filter>Renderers</Filter>
    </ClInclude>
  </ItemGroup>
  <ItemGroup>
    <None Include="RefObject.inl">
      <Filter>Scene Objects</Filter>
    </None>
    <None Include="RefPointer.inl">
      <Filter>Scene Objects</Filter>
    </None>
  </ItemGroup>
  <ItemGroup>
    <Filter Include="Math">
      <UniqueIdentifier>{5f9ea4af-9330-4a62-be25-5f9c6b4e7616}</UniqueIdentifier>
    </Filter>
    <Filter Include="Scene Objects">
      <UniqueIdentifier>{ed428cae-17e3-4ca9-a435-3adef7288925}</UniqueIdentifier>
    </Filter>
    <Filter Include="Textures">
      <UniqueIdentifier>{a608d455-a809-42e2-aaab-23d87ad82f5c}</UniqueIdentifier>
    </Filter>
    <Filter Include="L-System">
      <UniqueIdentifier>{14f3e4a8-9292-4e66-ac66-1609d5a2ad8b}</UniqueIdentifier>
    </Filter>
    <Filter Include="Buffers">
      <UniqueIdentifier>{55286779-3123-4965-a8a8-03f1885983ba}</UniqueIdentifier>
    </Filter>
    <Filter Include="GPGPU">
      <UniqueIdentifier>{1e623c39-6a3b-4182-9861-7a50c0438348}</UniqueIdentifier>
    </Filter>
    <Filter Include="Shaders">
      <UniqueIdentifier>{2880ec38-9c01-4f96-ae49-7756e9cc51ba}</UniqueIdentifier>
    </Filter>
    <Filter Include="Utils">
      <UniqueIdentifier>{1445339b-5c1a-4c15-a624-afd8dd5a48ac}</UniqueIdentifier>
    </Filter>
    <Filter Include="Renderers">
      <UniqueIdentifier>{4e019bc2-a15f-45fd-8836-a3fb0d0bc702}</UniqueIdentifier>
    </Filter>
  </ItemGroup>
</Project>