<?xml version="1.0" encoding="utf-8"?>
<Project ToolsVersion="4.0" xmlns="http://schemas.microsoft.com/developer/msbuild/2003">
  <ItemGroup>
    <Filter Include="GLSL">
      <UniqueIdentifier>{91ef2707-3369-48dc-8f7b-f0744f68ed4c}</UniqueIdentifier>
    </Filter>
  </ItemGroup>
  <ItemGroup>
    <None Include="fScene.glsl">
      <Filter>GLSL</Filter>
    </None>
    <None Include="fShadow.glsl">
      <Filter>GLSL</Filter>
    </None>
    <None Include="fSSSviaPSMTemp.glsl">
      <Filter>GLSL</Filter>
    </None>
    <None Include="tcShadow.glsl">
      <Filter>GLSL</Filter>
    </None>
    <None Include="teShadow.glsl">
      <Filter>GLSL</Filter>
    </None>
    <None Include="vScene.glsl">
      <Filter>GLSL</Filter>
    </None>
    <None Include="vShadow.glsl">
      <Filter>GLSL</Filter>
    </None>
    <None Include="vSSSviaPSMTemp.glsl">
      <Filter>GLSL</Filter>
    </None>
  </ItemGroup>
  <ItemGroup>
    <ClInclude Include="SSSviaPSMApp.h" />
    <ClInclude Include="SSSviaPSMTempScreenQuad.h" />
    <ClInclude Include="SSSviaPSMTriMesh.h" />
  </ItemGroup>
  <ItemGroup>
    <ClCompile Include="main.cpp" />
    <ClCompile Include="SSSviaPSMApp.cpp" />
    <ClCompile Include="SSSviaPSMTempScreenQuad.cpp" />
    <ClCompile Include="SSSviaPSMTriMesh.cpp" />
  </ItemGroup>
</Project>