<?xml version="1.0" encoding="utf-8"?>
<Project ToolsVersion="4.0" xmlns="http://schemas.microsoft.com/developer/msbuild/2003">
  <ItemGroup>
    <None Include="fScene.glsl">
      <Filter>GLSL</Filter>
    </None>
    <None Include="vScene.glsl">
      <Filter>GLSL</Filter>
    </None>
  </ItemGroup>
  <ItemGroup>
    <Filter Include="GLSL">
      <UniqueIdentifier>{182bae4d-b4da-4854-bf1f-612baebe382a}</UniqueIdentifier>
    </Filter>
  </ItemGroup>
  <ItemGroup>
    <ClCompile Include="CornellApp.cpp" />
    <ClCompile Include="CornellTriMesh.cpp" />
    <ClCompile Include="main.cpp" />
  </ItemGroup>
  <ItemGroup>
    <ClInclude Include="CornellApp.h" />
    <ClInclude Include="CornellTriMesh.h" />
  </ItemGroup>
</Project>