<?xml version="1.0" encoding="utf-8"?>
<Project ToolsVersion="4.0" xmlns="http://schemas.microsoft.com/developer/msbuild/2003">
  <ItemGroup>
    <Filter Include="GLSL">
      <UniqueIdentifier>{17dd4ae0-16a9-4b85-902a-c488e0f91dcf}</UniqueIdentifier>
    </Filter>
  </ItemGroup>
  <ItemGroup>
    <ClCompile Include="main.cpp" />
    <ClCompile Include="OITApp.cpp" />
    <ClCompile Include="OITTriMesh.cpp" />
    <ClCompile Include="OITScreenQuad.cpp" />
  </ItemGroup>
  <ItemGroup>
    <ClInclude Include="OITApp.h" />
    <ClInclude Include="OITTriMesh.h" />
    <ClInclude Include="OITScreenQuad.h" />
  </ItemGroup>
  <ItemGroup>
    <None Include="fGPUABuffer.glsl">
      <Filter>GLSL</Filter>
    </None>
    <None Include="vGPUABuffer.glsl">
      <Filter>GLSL</Filter>
    </None>
    <None Include="fOIT.glsl">
      <Filter>GLSL</Filter>
    </None>
    <None Include="vOIT.glsl">
      <Filter>GLSL</Filter>
    </None>
  </ItemGroup>
</Project>