<?xml version="1.0" encoding="utf-8"?>
<Project ToolsVersion="4.0" xmlns="http://schemas.microsoft.com/developer/msbuild/2003">
  <ItemGroup>
    <Filter Include="GLSL">
      <UniqueIdentifier>{b08e08cb-1ab9-4278-a25f-6b3f027ee90f}</UniqueIdentifier>
    </Filter>
  </ItemGroup>
  <ItemGroup>
    <ClInclude Include="SimpleVoxelizationApp.h" />
    <ClInclude Include="SimpleVoxelizationTriMesh.h" />
    <ClInclude Include="ResetVoxelBuffer.h" />
    <ClInclude Include="GatherVoxelBuffer.h" />
    <ClInclude Include="VoxelCubeTriMesh.h" />
    <ClInclude Include="VoxelRaySegment.h" />
    <ClInclude Include="VoxelGridIntersection.h" />
  </ItemGroup>
  <ItemGroup>
    <ClCompile Include="main.cpp" />
    <ClCompile Include="SimpleVoxelizationApp.cpp" />
    <ClCompile Include="SimpleVoxelizationTriMesh.cpp" />
    <ClCompile Include="ResetVoxelBuffer.cpp" />
    <ClCompile Include="GatherVoxelBuffer.cpp" />
    <ClCompile Include="VoxelCubeTriMesh.cpp" />
    <ClCompile Include="VoxelRaySegment.cpp" />
    <ClCompile Include="VoxelGridIntersection.cpp" />
  </ItemGroup>
  <ItemGroup>
    <None Include="vVoxelization.glsl">
      <Filter>GLSL</Filter>
    </None>
    <None Include="fVoxelization.glsl">
      <Filter>GLSL</Filter>
    </None>
    <None Include="gVoxelization.glsl">
      <Filter>GLSL</Filter>
    </None>
    <None Include="fShowVoxelization.glsl">
      <Filter>GLSL</Filter>
    </None>
    <None Include="vShowVoxelization.glsl">
      <Filter>GLSL</Filter>
    </None>
    <None Include="cResetVoxelBuffer.glsl">
      <Filter>GLSL</Filter>
    </None>
    <None Include="cGatherVoxelBuffer.glsl">
      <Filter>GLSL</Filter>
    </None>
    <None Include="fShowVoxelGrid.glsl">
      <Filter>GLSL</Filter>
    </None>
    <None Include="vShowVoxelGrid.glsl">
      <Filter>GLSL</Filter>
    </None>
    <None Include="fVoxelRaySegment.glsl">
      <Filter>GLSL</Filter>
    </None>
    <None Include="vVoxelRaySegment.glsl">
      <Filter>GLSL</Filter>
    </None>
    <None Include="cVoxelGridIntersection.glsl">
      <Filter>GLSL</Filter>
    </None>
  </ItemGroup>
</Project>